// !$*UTF8*$!
{
	archiveVersion = 1;
	classes = {
	};
	objectVersion = 50;
	objects = {

/* Begin PBXBuildFile section */
		8486E78326F5FEE00022656E /* AppDelegate.swift in Sources */ = {isa = PBXBuildFile; fileRef = 8486E78226F5FEE00022656E /* AppDelegate.swift */; };
		8486E78526F5FEE00022656E /* SceneDelegate.swift in Sources */ = {isa = PBXBuildFile; fileRef = 8486E78426F5FEE00022656E /* SceneDelegate.swift */; };
		8486E78726F5FEE00022656E /* ContentView.swift in Sources */ = {isa = PBXBuildFile; fileRef = 8486E78626F5FEE00022656E /* ContentView.swift */; };
		8486E78A26F5FEE00022656E /* SwiftUIListing.xcdatamodeld in Sources */ = {isa = PBXBuildFile; fileRef = 8486E78826F5FEE00022656E /* SwiftUIListing.xcdatamodeld */; };
		8486E78C26F5FEE10022656E /* Assets.xcassets in Resources */ = {isa = PBXBuildFile; fileRef = 8486E78B26F5FEE10022656E /* Assets.xcassets */; };
		8486E78F26F5FEE10022656E /* Preview Assets.xcassets in Resources */ = {isa = PBXBuildFile; fileRef = 8486E78E26F5FEE10022656E /* Preview Assets.xcassets */; };
		8486E79226F5FEE10022656E /* LaunchScreen.storyboard in Resources */ = {isa = PBXBuildFile; fileRef = 8486E79026F5FEE10022656E /* LaunchScreen.storyboard */; };
		8486E79D26F5FEE10022656E /* SwiftUIListingTests.swift in Sources */ = {isa = PBXBuildFile; fileRef = 8486E79C26F5FEE10022656E /* SwiftUIListingTests.swift */; };
		8486E7A826F5FEE10022656E /* SwiftUIListingUITests.swift in Sources */ = {isa = PBXBuildFile; fileRef = 8486E7A726F5FEE10022656E /* SwiftUIListingUITests.swift */; };
/* End PBXBuildFile section */

/* Begin PBXContainerItemProxy section */
		8486E79926F5FEE10022656E /* PBXContainerItemProxy */ = {
			isa = PBXContainerItemProxy;
			containerPortal = 8486E77726F5FEE00022656E /* Project object */;
			proxyType = 1;
			remoteGlobalIDString = 8486E77E26F5FEE00022656E;
			remoteInfo = SwiftUIListing;
		};
		8486E7A426F5FEE10022656E /* PBXContainerItemProxy */ = {
			isa = PBXContainerItemProxy;
			containerPortal = 8486E77726F5FEE00022656E /* Project object */;
			proxyType = 1;
			remoteGlobalIDString = 8486E77E26F5FEE00022656E;
			remoteInfo = SwiftUIListing;
		};
/* End PBXContainerItemProxy section */

/* Begin PBXFileReference section */
		8486E77F26F5FEE00022656E /* SwiftUIListing.app */ = {isa = PBXFileReference; explicitFileType = wrapper.application; includeInIndex = 0; path = SwiftUIListing.app; sourceTree = BUILT_PRODUCTS_DIR; };
		8486E78226F5FEE00022656E /* AppDelegate.swift */ = {isa = PBXFileReference; lastKnownFileType = sourcecode.swift; path = AppDelegate.swift; sourceTree = "<group>"; };
		8486E78426F5FEE00022656E /* SceneDelegate.swift */ = {isa = PBXFileReference; lastKnownFileType = sourcecode.swift; path = SceneDelegate.swift; sourceTree = "<group>"; };
		8486E78626F5FEE00022656E /* ContentView.swift */ = {isa = PBXFileReference; lastKnownFileType = sourcecode.swift; path = ContentView.swift; sourceTree = "<group>"; };
		8486E78926F5FEE00022656E /* SwiftUIListing.xcdatamodel */ = {isa = PBXFileReference; lastKnownFileType = wrapper.xcdatamodel; path = SwiftUIListing.xcdatamodel; sourceTree = "<group>"; };
		8486E78B26F5FEE10022656E /* Assets.xcassets */ = {isa = PBXFileReference; lastKnownFileType = folder.assetcatalog; path = Assets.xcassets; sourceTree = "<group>"; };
		8486E78E26F5FEE10022656E /* Preview Assets.xcassets */ = {isa = PBXFileReference; lastKnownFileType = folder.assetcatalog; path = "Preview Assets.xcassets"; sourceTree = "<group>"; };
		8486E79126F5FEE10022656E /* Base */ = {isa = PBXFileReference; lastKnownFileType = file.storyboard; name = Base; path = Base.lproj/LaunchScreen.storyboard; sourceTree = "<group>"; };
		8486E79326F5FEE10022656E /* Info.plist */ = {isa = PBXFileReference; lastKnownFileType = text.plist.xml; path = Info.plist; sourceTree = "<group>"; };
		8486E79826F5FEE10022656E /* SwiftUIListingTests.xctest */ = {isa = PBXFileReference; explicitFileType = wrapper.cfbundle; includeInIndex = 0; path = SwiftUIListingTests.xctest; sourceTree = BUILT_PRODUCTS_DIR; };
		8486E79C26F5FEE10022656E /* SwiftUIListingTests.swift */ = {isa = PBXFileReference; lastKnownFileType = sourcecode.swift; path = SwiftUIListingTests.swift; sourceTree = "<group>"; };
		8486E79E26F5FEE10022656E /* Info.plist */ = {isa = PBXFileReference; lastKnownFileType = text.plist.xml; path = Info.plist; sourceTree = "<group>"; };
		8486E7A326F5FEE10022656E /* SwiftUIListingUITests.xctest */ = {isa = PBXFileReference; explicitFileType = wrapper.cfbundle; includeInIndex = 0; path = SwiftUIListingUITests.xctest; sourceTree = BUILT_PRODUCTS_DIR; };
		8486E7A726F5FEE10022656E /* SwiftUIListingUITests.swift */ = {isa = PBXFileReference; lastKnownFileType = sourcecode.swift; path = SwiftUIListingUITests.swift; sourceTree = "<group>"; };
		8486E7A926F5FEE10022656E /* Info.plist */ = {isa = PBXFileReference; lastKnownFileType = text.plist.xml; path = Info.plist; sourceTree = "<group>"; };
/* End PBXFileReference section */

/* Begin PBXFrameworksBuildPhase section */
		8486E77C26F5FEE00022656E /* Frameworks */ = {
			isa = PBXFrameworksBuildPhase;
			buildActionMask = 2147483647;
			files = (
			);
			runOnlyForDeploymentPostprocessing = 0;
		};
		8486E79526F5FEE10022656E /* Frameworks */ = {
			isa = PBXFrameworksBuildPhase;
			buildActionMask = 2147483647;
			files = (
			);
			runOnlyForDeploymentPostprocessing = 0;
		};
		8486E7A026F5FEE10022656E /* Frameworks */ = {
			isa = PBXFrameworksBuildPhase;
			buildActionMask = 2147483647;
			files = (
			);
			runOnlyForDeploymentPostprocessing = 0;
		};
/* End PBXFrameworksBuildPhase section */

/* Begin PBXGroup section */
		8486E77626F5FEE00022656E = {
			isa = PBXGroup;
			children = (
				8486E78126F5FEE00022656E /* SwiftUIListing */,
				8486E79B26F5FEE10022656E /* SwiftUIListingTests */,
				8486E7A626F5FEE10022656E /* SwiftUIListingUITests */,
				8486E78026F5FEE00022656E /* Products */,
			);
			sourceTree = "<group>";
		};
		8486E78026F5FEE00022656E /* Products */ = {
			isa = PBXGroup;
			children = (
				8486E77F26F5FEE00022656E /* SwiftUIListing.app */,
				8486E79826F5FEE10022656E /* SwiftUIListingTests.xctest */,
				8486E7A326F5FEE10022656E /* SwiftUIListingUITests.xctest */,
			);
			name = Products;
			sourceTree = "<group>";
		};
		8486E78126F5FEE00022656E /* SwiftUIListing */ = {
			isa = PBXGroup;
			children = (
				8486E78226F5FEE00022656E /* AppDelegate.swift */,
				8486E78426F5FEE00022656E /* SceneDelegate.swift */,
				8486E78626F5FEE00022656E /* ContentView.swift */,
				8486E78B26F5FEE10022656E /* Assets.xcassets */,
				8486E79026F5FEE10022656E /* LaunchScreen.storyboard */,
				8486E79326F5FEE10022656E /* Info.plist */,
				8486E78826F5FEE00022656E /* SwiftUIListing.xcdatamodeld */,
				8486E78D26F5FEE10022656E /* Preview Content */,
			);
			path = SwiftUIListing;
			sourceTree = "<group>";
		};
		8486E78D26F5FEE10022656E /* Preview Content */ = {
			isa = PBXGroup;
			children = (
				8486E78E26F5FEE10022656E /* Preview Assets.xcassets */,
			);
			path = "Preview Content";
			sourceTree = "<group>";
		};
		8486E79B26F5FEE10022656E /* SwiftUIListingTests */ = {
			isa = PBXGroup;
			children = (
				8486E79C26F5FEE10022656E /* SwiftUIListingTests.swift */,
				8486E79E26F5FEE10022656E /* Info.plist */,
			);
			path = SwiftUIListingTests;
			sourceTree = "<group>";
		};
		8486E7A626F5FEE10022656E /* SwiftUIListingUITests */ = {
			isa = PBXGroup;
			children = (
				8486E7A726F5FEE10022656E /* SwiftUIListingUITests.swift */,
				8486E7A926F5FEE10022656E /* Info.plist */,
			);
			path = SwiftUIListingUITests;
			sourceTree = "<group>";
		};
/* End PBXGroup section */

/* Begin PBXNativeTarget section */
		8486E77E26F5FEE00022656E /* SwiftUIListing */ = {
			isa = PBXNativeTarget;
			buildConfigurationList = 8486E7AC26F5FEE10022656E /* Build configuration list for PBXNativeTarget "SwiftUIListing" */;
			buildPhases = (
				8486E77B26F5FEE00022656E /* Sources */,
				8486E77C26F5FEE00022656E /* Frameworks */,
				8486E77D26F5FEE00022656E /* Resources */,
			);
			buildRules = (
			);
			dependencies = (
			);
			name = SwiftUIListing;
			productName = SwiftUIListing;
			productReference = 8486E77F26F5FEE00022656E /* SwiftUIListing.app */;
			productType = "com.apple.product-type.application";
		};
		8486E79726F5FEE10022656E /* SwiftUIListingTests */ = {
			isa = PBXNativeTarget;
			buildConfigurationList = 8486E7AF26F5FEE10022656E /* Build configuration list for PBXNativeTarget "SwiftUIListingTests" */;
			buildPhases = (
				8486E79426F5FEE10022656E /* Sources */,
				8486E79526F5FEE10022656E /* Frameworks */,
				8486E79626F5FEE10022656E /* Resources */,
			);
			buildRules = (
			);
			dependencies = (
				8486E79A26F5FEE10022656E /* PBXTargetDependency */,
			);
			name = SwiftUIListingTests;
			productName = SwiftUIListingTests;
			productReference = 8486E79826F5FEE10022656E /* SwiftUIListingTests.xctest */;
			productType = "com.apple.product-type.bundle.unit-test";
		};
		8486E7A226F5FEE10022656E /* SwiftUIListingUITests */ = {
			isa = PBXNativeTarget;
			buildConfigurationList = 8486E7B226F5FEE10022656E /* Build configuration list for PBXNativeTarget "SwiftUIListingUITests" */;
			buildPhases = (
				8486E79F26F5FEE10022656E /* Sources */,
				8486E7A026F5FEE10022656E /* Frameworks */,
				8486E7A126F5FEE10022656E /* Resources */,
			);
			buildRules = (
			);
			dependencies = (
				8486E7A526F5FEE10022656E /* PBXTargetDependency */,
			);
			name = SwiftUIListingUITests;
			productName = SwiftUIListingUITests;
			productReference = 8486E7A326F5FEE10022656E /* SwiftUIListingUITests.xctest */;
			productType = "com.apple.product-type.bundle.ui-testing";
		};
/* End PBXNativeTarget section */

/* Begin PBXProject section */
		8486E77726F5FEE00022656E /* Project object */ = {
			isa = PBXProject;
			attributes = {
				LastSwiftUpdateCheck = 1240;
				LastUpgradeCheck = 1240;
				TargetAttributes = {
					8486E77E26F5FEE00022656E = {
						CreatedOnToolsVersion = 12.4;
					};
					8486E79726F5FEE10022656E = {
						CreatedOnToolsVersion = 12.4;
						TestTargetID = 8486E77E26F5FEE00022656E;
					};
					8486E7A226F5FEE10022656E = {
						CreatedOnToolsVersion = 12.4;
						TestTargetID = 8486E77E26F5FEE00022656E;
					};
				};
			};
			buildConfigurationList = 8486E77A26F5FEE00022656E /* Build configuration list for PBXProject "SwiftUIListing" */;
			compatibilityVersion = "Xcode 9.3";
			developmentRegion = en;
			hasScannedForEncodings = 0;
			knownRegions = (
				en,
				Base,
			);
			mainGroup = 8486E77626F5FEE00022656E;
			productRefGroup = 8486E78026F5FEE00022656E /* Products */;
			projectDirPath = "";
			projectRoot = "";
			targets = (
				8486E77E26F5FEE00022656E /* SwiftUIListing */,
				8486E79726F5FEE10022656E /* SwiftUIListingTests */,
				8486E7A226F5FEE10022656E /* SwiftUIListingUITests */,
			);
		};
/* End PBXProject section */

/* Begin PBXResourcesBuildPhase section */
		8486E77D26F5FEE00022656E /* Resources */ = {
			isa = PBXResourcesBuildPhase;
			buildActionMask = 2147483647;
			files = (
				8486E79226F5FEE10022656E /* LaunchScreen.storyboard in Resources */,
				8486E78F26F5FEE10022656E /* Preview Assets.xcassets in Resources */,
				8486E78C26F5FEE10022656E /* Assets.xcassets in Resources */,
			);
			runOnlyForDeploymentPostprocessing = 0;
		};
		8486E79626F5FEE10022656E /* Resources */ = {
			isa = PBXResourcesBuildPhase;
			buildActionMask = 2147483647;
			files = (
			);
			runOnlyForDeploymentPostprocessing = 0;
		};
		8486E7A126F5FEE10022656E /* Resources */ = {
			isa = PBXResourcesBuildPhase;
			buildActionMask = 2147483647;
			files = (
			);
			runOnlyForDeploymentPostprocessing = 0;
		};
/* End PBXResourcesBuildPhase section */

/* Begin PBXSourcesBuildPhase section */
		8486E77B26F5FEE00022656E /* Sources */ = {
			isa = PBXSourcesBuildPhase;
			buildActionMask = 2147483647;
			files = (
				8486E78A26F5FEE00022656E /* SwiftUIListing.xcdatamodeld in Sources */,
				8486E78326F5FEE00022656E /* AppDelegate.swift in Sources */,
				8486E78526F5FEE00022656E /* SceneDelegate.swift in Sources */,
				8486E78726F5FEE00022656E /* ContentView.swift in Sources */,
			);
			runOnlyForDeploymentPostprocessing = 0;
		};
		8486E79426F5FEE10022656E /* Sources */ = {
			isa = PBXSourcesBuildPhase;
			buildActionMask = 2147483647;
			files = (
				8486E79D26F5FEE10022656E /* SwiftUIListingTests.swift in Sources */,
			);
			runOnlyForDeploymentPostprocessing = 0;
		};
		8486E79F26F5FEE10022656E /* Sources */ = {
			isa = PBXSourcesBuildPhase;
			buildActionMask = 2147483647;
			files = (
				8486E7A826F5FEE10022656E /* SwiftUIListingUITests.swift in Sources */,
			);
			runOnlyForDeploymentPostprocessing = 0;
		};
/* End PBXSourcesBuildPhase section */

/* Begin PBXTargetDependency section */
		8486E79A26F5FEE10022656E /* PBXTargetDependency */ = {
			isa = PBXTargetDependency;
			target = 8486E77E26F5FEE00022656E /* SwiftUIListing */;
			targetProxy = 8486E79926F5FEE10022656E /* PBXContainerItemProxy */;
		};
		8486E7A526F5FEE10022656E /* PBXTargetDependency */ = {
			isa = PBXTargetDependency;
			target = 8486E77E26F5FEE00022656E /* SwiftUIListing */;
			targetProxy = 8486E7A426F5FEE10022656E /* PBXContainerItemProxy */;
		};
/* End PBXTargetDependency section */

/* Begin PBXVariantGroup section */
		8486E79026F5FEE10022656E /* LaunchScreen.storyboard */ = {
			isa = PBXVariantGroup;
			children = (
				8486E79126F5FEE10022656E /* Base */,
			);
			name = LaunchScreen.storyboard;
			sourceTree = "<group>";
		};
/* End PBXVariantGroup section */

/* Begin XCBuildConfiguration section */
		8486E7AA26F5FEE10022656E /* Debug */ = {
			isa = XCBuildConfiguration;
			buildSettings = {
				ALWAYS_SEARCH_USER_PATHS = NO;
				CLANG_ANALYZER_NONNULL = YES;
				CLANG_ANALYZER_NUMBER_OBJECT_CONVERSION = YES_AGGRESSIVE;
				CLANG_CXX_LANGUAGE_STANDARD = "gnu++14";
				CLANG_CXX_LIBRARY = "libc++";
				CLANG_ENABLE_MODULES = YES;
				CLANG_ENABLE_OBJC_ARC = YES;
				CLANG_ENABLE_OBJC_WEAK = YES;
				CLANG_WARN_BLOCK_CAPTURE_AUTORELEASING = YES;
				CLANG_WARN_BOOL_CONVERSION = YES;
				CLANG_WARN_COMMA = YES;
				CLANG_WARN_CONSTANT_CONVERSION = YES;
				CLANG_WARN_DEPRECATED_OBJC_IMPLEMENTATIONS = YES;
				CLANG_WARN_DIRECT_OBJC_ISA_USAGE = YES_ERROR;
				CLANG_WARN_DOCUMENTATION_COMMENTS = YES;
				CLANG_WARN_EMPTY_BODY = YES;
				CLANG_WARN_ENUM_CONVERSION = YES;
				CLANG_WARN_INFINITE_RECURSION = YES;
				CLANG_WARN_INT_CONVERSION = YES;
				CLANG_WARN_NON_LITERAL_NULL_CONVERSION = YES;
				CLANG_WARN_OBJC_IMPLICIT_RETAIN_SELF = YES;
				CLANG_WARN_OBJC_LITERAL_CONVERSION = YES;
				CLANG_WARN_OBJC_ROOT_CLASS = YES_ERROR;
				CLANG_WARN_QUOTED_INCLUDE_IN_FRAMEWORK_HEADER = YES;
				CLANG_WARN_RANGE_LOOP_ANALYSIS = YES;
				CLANG_WARN_STRICT_PROTOTYPES = YES;
				CLANG_WARN_SUSPICIOUS_MOVE = YES;
				CLANG_WARN_UNGUARDED_AVAILABILITY = YES_AGGRESSIVE;
				CLANG_WARN_UNREACHABLE_CODE = YES;
				CLANG_WARN__DUPLICATE_METHOD_MATCH = YES;
				COPY_PHASE_STRIP = NO;
				DEBUG_INFORMATION_FORMAT = dwarf;
				ENABLE_STRICT_OBJC_MSGSEND = YES;
				ENABLE_TESTABILITY = YES;
				GCC_C_LANGUAGE_STANDARD = gnu11;
				GCC_DYNAMIC_NO_PIC = NO;
				GCC_NO_COMMON_BLOCKS = YES;
				GCC_OPTIMIZATION_LEVEL = 0;
				GCC_PREPROCESSOR_DEFINITIONS = (
					"DEBUG=1",
					"$(inherited)",
				);
				GCC_WARN_64_TO_32_BIT_CONVERSION = YES;
				GCC_WARN_ABOUT_RETURN_TYPE = YES_ERROR;
				GCC_WARN_UNDECLARED_SELECTOR = YES;
				GCC_WARN_UNINITIALIZED_AUTOS = YES_AGGRESSIVE;
				GCC_WARN_UNUSED_FUNCTION = YES;
				GCC_WARN_UNUSED_VARIABLE = YES;
				IPHONEOS_DEPLOYMENT_TARGET = 14.4;
				MTL_ENABLE_DEBUG_INFO = INCLUDE_SOURCE;
				MTL_FAST_MATH = YES;
				ONLY_ACTIVE_ARCH = YES;
				SDKROOT = iphoneos;
				SWIFT_ACTIVE_COMPILATION_CONDITIONS = DEBUG;
				SWIFT_OPTIMIZATION_LEVEL = "-Onone";
			};
			name = Debug;
		};
		8486E7AB26F5FEE10022656E /* Release */ = {
			isa = XCBuildConfiguration;
			buildSettings = {
				ALWAYS_SEARCH_USER_PATHS = NO;
				CLANG_ANALYZER_NONNULL = YES;
				CLANG_ANALYZER_NUMBER_OBJECT_CONVERSION = YES_AGGRESSIVE;
				CLANG_CXX_LANGUAGE_STANDARD = "gnu++14";
				CLANG_CXX_LIBRARY = "libc++";
				CLANG_ENABLE_MODULES = YES;
				CLANG_ENABLE_OBJC_ARC = YES;
				CLANG_ENABLE_OBJC_WEAK = YES;
				CLANG_WARN_BLOCK_CAPTURE_AUTORELEASING = YES;
				CLANG_WARN_BOOL_CONVERSION = YES;
				CLANG_WARN_COMMA = YES;
				CLANG_WARN_CONSTANT_CONVERSION = YES;
				CLANG_WARN_DEPRECATED_OBJC_IMPLEMENTATIONS = YES;
				CLANG_WARN_DIRECT_OBJC_ISA_USAGE = YES_ERROR;
				CLANG_WARN_DOCUMENTATION_COMMENTS = YES;
				CLANG_WARN_EMPTY_BODY = YES;
				CLANG_WARN_ENUM_CONVERSION = YES;
				CLANG_WARN_INFINITE_RECURSION = YES;
				CLANG_WARN_INT_CONVERSION = YES;
				CLANG_WARN_NON_LITERAL_NULL_CONVERSION = YES;
				CLANG_WARN_OBJC_IMPLICIT_RETAIN_SELF = YES;
				CLANG_WARN_OBJC_LITERAL_CONVERSION = YES;
				CLANG_WARN_OBJC_ROOT_CLASS = YES_ERROR;
				CLANG_WARN_QUOTED_INCLUDE_IN_FRAMEWORK_HEADER = YES;
				CLANG_WARN_RANGE_LOOP_ANALYSIS = YES;
				CLANG_WARN_STRICT_PROTOTYPES = YES;
				CLANG_WARN_SUSPICIOUS_MOVE = YES;
				CLANG_WARN_UNGUARDED_AVAILABILITY = YES_AGGRESSIVE;
				CLANG_WARN_UNREACHABLE_CODE = YES;
				CLANG_WARN__DUPLICATE_METHOD_MATCH = YES;
				COPY_PHASE_STRIP = NO;
				DEBUG_INFORMATION_FORMAT = "dwarf-with-dsym";
				ENABLE_NS_ASSERTIONS = NO;
				ENABLE_STRICT_OBJC_MSGSEND = YES;
				GCC_C_LANGUAGE_STANDARD = gnu11;
				GCC_NO_COMMON_BLOCKS = YES;
				GCC_WARN_64_TO_32_BIT_CONVERSION = YES;
				GCC_WARN_ABOUT_RETURN_TYPE = YES_ERROR;
				GCC_WARN_UNDECLARED_SELECTOR = YES;
				GCC_WARN_UNINITIALIZED_AUTOS = YES_AGGRESSIVE;
				GCC_WARN_UNUSED_FUNCTION = YES;
				GCC_WARN_UNUSED_VARIABLE = YES;
				IPHONEOS_DEPLOYMENT_TARGET = 14.4;
				MTL_ENABLE_DEBUG_INFO = NO;
				MTL_FAST_MATH = YES;
				SDKROOT = iphoneos;
				SWIFT_COMPILATION_MODE = wholemodule;
				SWIFT_OPTIMIZATION_LEVEL = "-O";
				VALIDATE_PRODUCT = YES;
			};
			name = Release;
		};
		8486E7AD26F5FEE10022656E /* Debug */ = {
			isa = XCBuildConfiguration;
			buildSettings = {
				ASSETCATALOG_COMPILER_APPICON_NAME = AppIcon;
				ASSETCATALOG_COMPILER_GLOBAL_ACCENT_COLOR_NAME = AccentColor;
				CODE_SIGN_STYLE = Automatic;
				DEVELOPMENT_ASSET_PATHS = "\"SwiftUIListing/Preview Content\"";
				ENABLE_PREVIEWS = YES;
				INFOPLIST_FILE = SwiftUIListing/Info.plist;
				LD_RUNPATH_SEARCH_PATHS = (
					"$(inherited)",
					"@executable_path/Frameworks",
				);
				PRODUCT_BUNDLE_IDENTIFIER = com.unyscape.com.SwiftUIListing;
				PRODUCT_NAME = "$(TARGET_NAME)";
				SWIFT_VERSION = 5.0;
				TARGETED_DEVICE_FAMILY = "1,2";
			};
			name = Debug;
		};
		8486E7AE26F5FEE10022656E /* Release */ = {
			isa = XCBuildConfiguration;
			buildSettings = {
				ASSETCATALOG_COMPILER_APPICON_NAME = AppIcon;
				ASSETCATALOG_COMPILER_GLOBAL_ACCENT_COLOR_NAME = AccentColor;
				CODE_SIGN_STYLE = Automatic;
				DEVELOPMENT_ASSET_PATHS = "\"SwiftUIListing/Preview Content\"";
				ENABLE_PREVIEWS = YES;
				INFOPLIST_FILE = SwiftUIListing/Info.plist;
				LD_RUNPATH_SEARCH_PATHS = (
					"$(inherited)",
					"@executable_path/Frameworks",
				);
				PRODUCT_BUNDLE_IDENTIFIER = com.unyscape.com.SwiftUIListing;
				PRODUCT_NAME = "$(TARGET_NAME)";
				SWIFT_VERSION = 5.0;
				TARGETED_DEVICE_FAMILY = "1,2";
			};
			name = Release;
		};
		8486E7B026F5FEE10022656E /* Debug */ = {
			isa = XCBuildConfiguration;
			buildSettings = {
				ALWAYS_EMBED_SWIFT_STANDARD_LIBRARIES = YES;
				BUNDLE_LOADER = "$(TEST_HOST)";
				CODE_SIGN_STYLE = Automatic;
				INFOPLIST_FILE = SwiftUIListingTests/Info.plist;
				IPHONEOS_DEPLOYMENT_TARGET = 14.4;
				LD_RUNPATH_SEARCH_PATHS = (
					"$(inherited)",
					"@executable_path/Frameworks",
					"@loader_path/Frameworks",
				);
				PRODUCT_BUNDLE_IDENTIFIER = com.unyscape.com.SwiftUIListingTests;
				PRODUCT_NAME = "$(TARGET_NAME)";
				SWIFT_VERSION = 5.0;
				TARGETED_DEVICE_FAMILY = "1,2";
				TEST_HOST = "$(BUILT_PRODUCTS_DIR)/SwiftUIListing.app/SwiftUIListing";
			};
			name = Debug;
		};
		8486E7B126F5FEE10022656E /* Release */ = {
			isa = XCBuildConfiguration;
			buildSettings = {
				ALWAYS_EMBED_SWIFT_STANDARD_LIBRARIES = YES;
				BUNDLE_LOADER = "$(TEST_HOST)";
				CODE_SIGN_STYLE = Automatic;
				INFOPLIST_FILE = SwiftUIListingTests/Info.plist;
				IPHONEOS_DEPLOYMENT_TARGET = 14.4;
				LD_RUNPATH_SEARCH_PATHS = (
					"$(inherited)",
					"@executable_path/Frameworks",
					"@loader_path/Frameworks",
				);
				PRODUCT_BUNDLE_IDENTIFIER = com.unyscape.com.SwiftUIListingTests;
				PRODUCT_NAME = "$(TARGET_NAME)";
				SWIFT_VERSION = 5.0;
				TARGETED_DEVICE_FAMILY = "1,2";
				TEST_HOST = "$(BUILT_PRODUCTS_DIR)/SwiftUIListing.app/SwiftUIListing";
			};
			name = Release;
		};
		8486E7B326F5FEE10022656E /* Debug */ = {
			isa = XCBuildConfiguration;
			buildSettings = {
				ALWAYS_EMBED_SWIFT_STANDARD_LIBRARIES = YES;
				CODE_SIGN_STYLE = Automatic;
				INFOPLIST_FILE = SwiftUIListingUITests/Info.plist;
				LD_RUNPATH_SEARCH_PATHS = (
					"$(inherited)",
					"@executable_path/Frameworks",
					"@loader_path/Frameworks",
				);
				PRODUCT_BUNDLE_IDENTIFIER = com.unyscape.com.SwiftUIListingUITests;
				PRODUCT_NAME = "$(TARGET_NAME)";
				SWIFT_VERSION = 5.0;
				TARGETED_DEVICE_FAMILY = "1,2";
				TEST_TARGET_NAME = SwiftUIListing;
			};
			name = Debug;
		};
		8486E7B426F5FEE10022656E /* Release */ = {
			isa = XCBuildConfiguration;
			buildSettings = {
				ALWAYS_EMBED_SWIFT_STANDARD_LIBRARIES = YES;
				CODE_SIGN_STYLE = Automatic;
				INFOPLIST_FILE = SwiftUIListingUITests/Info.plist;
				LD_RUNPATH_SEARCH_PATHS = (
					"$(inherited)",
					"@executable_path/Frameworks",
					"@loader_path/Frameworks",
				);
				PRODUCT_BUNDLE_IDENTIFIER = com.unyscape.com.SwiftUIListingUITests;
				PRODUCT_NAME = "$(TARGET_NAME)";
				SWIFT_VERSION = 5.0;
				TARGETED_DEVICE_FAMILY = "1,2";
				TEST_TARGET_NAME = SwiftUIListing;
			};
			name = Release;
		};
/* End XCBuildConfiguration section */

/* Begin XCConfigurationList section */
		8486E77A26F5FEE00022656E /* Build configuration list for PBXProject "SwiftUIListing" */ = {
			isa = XCConfigurationList;
			buildConfigurations = (
				8486E7AA26F5FEE10022656E /* Debug */,
				8486E7AB26F5FEE10022656E /* Release */,
			);
			defaultConfigurationIsVisible = 0;
			defaultConfigurationName = Release;
		};
		8486E7AC26F5FEE10022656E /* Build configuration list for PBXNativeTarget "SwiftUIListing" */ = {
			isa = XCConfigurationList;
			buildConfigurations = (
				8486E7AD26F5FEE10022656E /* Debug */,
				8486E7AE26F5FEE10022656E /* Release */,
			);
			defaultConfigurationIsVisible = 0;
			defaultConfigurationName = Release;
		};
		8486E7AF26F5FEE10022656E /* Build configuration list for PBXNativeTarget "SwiftUIListingTests" */ = {
			isa = XCConfigurationList;
			buildConfigurations = (
				8486E7B026F5FEE10022656E /* Debug */,
				8486E7B126F5FEE10022656E /* Release */,
			);
			defaultConfigurationIsVisible = 0;
			defaultConfigurationName = Release;
		};
		8486E7B226F5FEE10022656E /* Build configuration list for PBXNativeTarget "SwiftUIListingUITests" */ = {
			isa = XCConfigurationList;
			buildConfigurations = (
				8486E7B326F5FEE10022656E /* Debug */,
				8486E7B426F5FEE10022656E /* Release */,
			);
			defaultConfigurationIsVisible = 0;
			defaultConfigurationName = Release;
		};
/* End XCConfigurationList section */

/* Begin XCVersionGroup section */
		8486E78826F5FEE00022656E /* SwiftUIListing.xcdatamodeld */ = {
			isa = XCVersionGroup;
			children = (
				8486E78926F5FEE00022656E /* SwiftUIListing.xcdatamodel */,
			);
			currentVersion = 8486E78926F5FEE00022656E /* SwiftUIListing.xcdatamodel */;
			path = SwiftUIListing.xcdatamodeld;
			sourceTree = "<group>";
			versionGroupType = wrapper.xcdatamodel;
		};
/* End XCVersionGroup section */
	};
	rootObject = 8486E77726F5FEE00022656E /* Project object */;
}
